
Microsoft Visual Studio Solution File, Format Version 11.00
# Visual Studio 2010
Project("{FAE04EC0-301F-11D3-BF4B-00C04F79EFBC}") = "SnakeClassLib", "Snake Classic\SnakeClassLib.csproj", "{86E81D73-9FE1-43B0-9E3C-C8656D36DA75}"
EndProject
Project("{FAE04EC0-301F-11D3-BF4B-00C04F79EFBC}") = "SnakeClassicGUI", "SnakeClassicGUI\SnakeClassicGUI.csproj", "{2115687A-5F86-4E51-8892-6CDE965E2D66}"
EndProject
Project("{FAE04EC0-301F-11D3-BF4B-00C04F79EFBC}") = "SnakeGraphicEngine", "SnakeGraphicEngine\SnakeGraphicEngine.csproj", "{0688A821-815B-46EC-BE2E-9C83EB559A7A}"
EndProject
Global
	GlobalSection(SolutionConfigurationPlatforms) = preSolution
		Debug|Any CPU = Debug|Any CPU
		Release|Any CPU = Release|Any CPU
	EndGlobalSection
	GlobalSection(ProjectConfigurationPlatforms) = postSolution
		{86E81D73-9FE1-43B0-9E3C-C8656D36DA75}.Debug|Any CPU.ActiveCfg = Debug|Any CPU
		{86E81D73-9FE1-43B0-9E3C-C8656D36DA75}.Debug|Any CPU.Build.0 = Debug|Any CPU
		{86E81D73-9FE1-43B0-9E3C-C8656D36DA75}.Release|Any CPU.ActiveCfg = Release|Any CPU
		{86E81D73-9FE1-43B0-9E3C-C8656D36DA75}.Release|Any CPU.Build.0 = Release|Any CPU
		{2115687A-5F86-4E51-8892-6CDE965E2D66}.Debug|Any CPU.ActiveCfg = Debug|Any CPU
		{2115687A-5F86-4E51-8892-6CDE965E2D66}.Debug|Any CPU.Build.0 = Debug|Any CPU
		{2115687A-5F86-4E51-8892-6CDE965E2D66}.Release|Any CPU.ActiveCfg = Release|Any CPU
		{2115687A-5F86-4E51-8892-6CDE965E2D66}.Release|Any CPU.Build.0 = Release|Any CPU
		{0688A821-815B-46EC-BE2E-9C83EB559A7A}.Debug|Any CPU.ActiveCfg = Debug|Any CPU
		{0688A821-815B-46EC-BE2E-9C83EB559A7A}.Debug|Any CPU.Build.0 = Debug|Any CPU
		{0688A821-815B-46EC-BE2E-9C83EB559A7A}.Release|Any CPU.ActiveCfg = Release|Any CPU
		{0688A821-815B-46EC-BE2E-9C83EB559A7A}.Release|Any CPU.Build.0 = Release|Any CPU
	EndGlobalSection
	GlobalSection(SolutionProperties) = preSolution
		HideSolutionNode = FALSE
	EndGlobalSection
EndGlobal
